// !$*UTF8*$!
{
	archiveVersion = 1;
	classes = {
	};
	objectVersion = 48;
	objects = {

/* Begin PBXBuildFile section */
		582B9FCB20F08D3900AED078 /* StoreKit.framework in Frameworks */ = {isa = PBXBuildFile; fileRef = 582B9FCA20F08D3900AED078 /* StoreKit.framework */; };
		582B9FD320F0C3C800AED078 /* NJTabBarController.swift in Sources */ = {isa = PBXBuildFile; fileRef = 582B9FD220F0C3C800AED078 /* NJTabBarController.swift */; };
		58A5A24720C10905008BDBA1 /* NJLanuchScreen.xib in Resources */ = {isa = PBXBuildFile; fileRef = 58A5A24620C10905008BDBA1 /* NJLanuchScreen.xib */; };
		58B36C1F20AAFD8200915868 /* Assets.xcassets in Resources */ = {isa = PBXBuildFile; fileRef = 58B36C1E20AAFD8200915868 /* Assets.xcassets */; };
		58B36C2D20AAFD8200915868 /* NJDouYuTests.swift in Sources */ = {isa = PBXBuildFile; fileRef = 58B36C2C20AAFD8200915868 /* NJDouYuTests.swift */; };
		58B36C3820AAFD8200915868 /* NJDouYuUITests.swift in Sources */ = {isa = PBXBuildFile; fileRef = 58B36C3720AAFD8200915868 /* NJDouYuUITests.swift */; };
		58B36C5620AAFE2700915868 /* NJAppDelegate.swift in Sources */ = {isa = PBXBuildFile; fileRef = 58B36C4620AAFE2700915868 /* NJAppDelegate.swift */; };
		84B2026AEAF8CB3554F9FDF6 /* Pods_NJDouYu.framework in Frameworks */ = {isa = PBXBuildFile; fileRef = E36195BC68DD83288460F65A /* Pods_NJDouYu.framework */; };
		B25D9A0FCD1CA39374DD3E84 /* Pods_NJDouYuUITests.framework in Frameworks */ = {isa = PBXBuildFile; fileRef = 4D1275797F59C06B80417D7A /* Pods_NJDouYuUITests.framework */; };
		FD6978F80AD91A3A1C856618 /* Pods_NJDouYuTests.framework in Frameworks */ = {isa = PBXBuildFile; fileRef = 822FD9383E8DAD74240D5B14 /* Pods_NJDouYuTests.framework */; };
/* End PBXBuildFile section */

/* Begin PBXContainerItemProxy section */
		58B36C2920AAFD8200915868 /* PBXContainerItemProxy */ = {
			isa = PBXContainerItemProxy;
			containerPortal = 58B36C0C20AAFD8200915868 /* Project object */;
			proxyType = 1;
			remoteGlobalIDString = 58B36C1320AAFD8200915868;
			remoteInfo = NJDouYu;
		};
		58B36C3420AAFD8200915868 /* PBXContainerItemProxy */ = {
			isa = PBXContainerItemProxy;
			containerPortal = 58B36C0C20AAFD8200915868 /* Project object */;
			proxyType = 1;
			remoteGlobalIDString = 58B36C1320AAFD8200915868;
			remoteInfo = NJDouYu;
		};
/* End PBXContainerItemProxy section */

/* Begin PBXFileReference section */
		161CA18B130D74038E237D7B /* Pods-NJDouYuUITests.release.xcconfig */ = {isa = PBXFileReference; includeInIndex = 1; lastKnownFileType = text.xcconfig; name = "Pods-NJDouYuUITests.release.xcconfig"; path = "Pods/Target Support Files/Pods-NJDouYuUITests/Pods-NJDouYuUITests.release.xcconfig"; sourceTree = "<group>"; };
		2E581E24D08D5260836963BD /* Pods-NJDouYuTests.release.xcconfig */ = {isa = PBXFileReference; includeInIndex = 1; lastKnownFileType = text.xcconfig; name = "Pods-NJDouYuTests.release.xcconfig"; path = "Pods/Target Support Files/Pods-NJDouYuTests/Pods-NJDouYuTests.release.xcconfig"; sourceTree = "<group>"; };
		4D1275797F59C06B80417D7A /* Pods_NJDouYuUITests.framework */ = {isa = PBXFileReference; explicitFileType = wrapper.framework; includeInIndex = 0; path = Pods_NJDouYuUITests.framework; sourceTree = BUILT_PRODUCTS_DIR; };
		582B9FC720F08C2300AED078 /* NJDouYu.entitlements */ = {isa = PBXFileReference; lastKnownFileType = text.plist.entitlements; path = NJDouYu.entitlements; sourceTree = "<group>"; };
		582B9FCA20F08D3900AED078 /* StoreKit.framework */ = {isa = PBXFileReference; lastKnownFileType = wrapper.framework; name = StoreKit.framework; path = System/Library/Frameworks/StoreKit.framework; sourceTree = SDKROOT; };
		582B9FD220F0C3C800AED078 /* NJTabBarController.swift */ = {isa = PBXFileReference; fileEncoding = 4; lastKnownFileType = sourcecode.swift; path = NJTabBarController.swift; sourceTree = "<group>"; };
		58A5A24620C10905008BDBA1 /* NJLanuchScreen.xib */ = {isa = PBXFileReference; lastKnownFileType = file.xib; path = NJLanuchScreen.xib; sourceTree = "<group>"; };
		58B36C1420AAFD8200915868 /* NJDouYu.app */ = {isa = PBXFileReference; explicitFileType = wrapper.application; includeInIndex = 0; path = NJDouYu.app; sourceTree = BUILT_PRODUCTS_DIR; };
		58B36C1E20AAFD8200915868 /* Assets.xcassets */ = {isa = PBXFileReference; lastKnownFileType = folder.assetcatalog; path = Assets.xcassets; sourceTree = "<group>"; };
		58B36C2320AAFD8200915868 /* Info.plist */ = {isa = PBXFileReference; lastKnownFileType = text.plist.xml; path = Info.plist; sourceTree = "<group>"; };
		58B36C2820AAFD8200915868 /* NJDouYuTests.xctest */ = {isa = PBXFileReference; explicitFileType = wrapper.cfbundle; includeInIndex = 0; path = NJDouYuTests.xctest; sourceTree = BUILT_PRODUCTS_DIR; };
		58B36C2C20AAFD8200915868 /* NJDouYuTests.swift */ = {isa = PBXFileReference; lastKnownFileType = sourcecode.swift; path = NJDouYuTests.swift; sourceTree = "<group>"; };
		58B36C2E20AAFD8200915868 /* Info.plist */ = {isa = PBXFileReference; lastKnownFileType = text.plist.xml; path = Info.plist; sourceTree = "<group>"; };
		58B36C3320AAFD8200915868 /* NJDouYuUITests.xctest */ = {isa = PBXFileReference; explicitFileType = wrapper.cfbundle; includeInIndex = 0; path = NJDouYuUITests.xctest; sourceTree = BUILT_PRODUCTS_DIR; };
		58B36C3720AAFD8200915868 /* NJDouYuUITests.swift */ = {isa = PBXFileReference; lastKnownFileType = sourcecode.swift; path = NJDouYuUITests.swift; sourceTree = "<group>"; };
		58B36C3920AAFD8200915868 /* Info.plist */ = {isa = PBXFileReference; lastKnownFileType = text.plist.xml; path = Info.plist; sourceTree = "<group>"; };
		58B36C4520AAFE2600915868 /* NJDouyuOC2SwiftBridge.h */ = {isa = PBXFileReference; lastKnownFileType = sourcecode.c.h; path = NJDouyuOC2SwiftBridge.h; sourceTree = "<group>"; };
		58B36C4620AAFE2700915868 /* NJAppDelegate.swift */ = {isa = PBXFileReference; fileEncoding = 4; lastKnownFileType = sourcecode.swift; path = NJAppDelegate.swift; sourceTree = "<group>"; };
		76C63CACA4FC8CDA0B3CB770 /* Pods-NJDouYu.debug.xcconfig */ = {isa = PBXFileReference; includeInIndex = 1; lastKnownFileType = text.xcconfig; name = "Pods-NJDouYu.debug.xcconfig"; path = "Pods/Target Support Files/Pods-NJDouYu/Pods-NJDouYu.debug.xcconfig"; sourceTree = "<group>"; };
		7BDE2759E981D9ABC2F5B443 /* Pods-NJDouYuTests.debug.xcconfig */ = {isa = PBXFileReference; includeInIndex = 1; lastKnownFileType = text.xcconfig; name = "Pods-NJDouYuTests.debug.xcconfig"; path = "Pods/Target Support Files/Pods-NJDouYuTests/Pods-NJDouYuTests.debug.xcconfig"; sourceTree = "<group>"; };
		822FD9383E8DAD74240D5B14 /* Pods_NJDouYuTests.framework */ = {isa = PBXFileReference; explicitFileType = wrapper.framework; includeInIndex = 0; path = Pods_NJDouYuTests.framework; sourceTree = BUILT_PRODUCTS_DIR; };
		AAD4F8F479BCE8486C6BA8D9 /* Pods-NJDouYuUITests.debug.xcconfig */ = {isa = PBXFileReference; includeInIndex = 1; lastKnownFileType = text.xcconfig; name = "Pods-NJDouYuUITests.debug.xcconfig"; path = "Pods/Target Support Files/Pods-NJDouYuUITests/Pods-NJDouYuUITests.debug.xcconfig"; sourceTree = "<group>"; };
		C8BBDF67950D9426C6F7C3D4 /* Pods-NJDouYu.release.xcconfig */ = {isa = PBXFileReference; includeInIndex = 1; lastKnownFileType = text.xcconfig; name = "Pods-NJDouYu.release.xcconfig"; path = "Pods/Target Support Files/Pods-NJDouYu/Pods-NJDouYu.release.xcconfig"; sourceTree = "<group>"; };
		E36195BC68DD83288460F65A /* Pods_NJDouYu.framework */ = {isa = PBXFileReference; explicitFileType = wrapper.framework; includeInIndex = 0; path = Pods_NJDouYu.framework; sourceTree = BUILT_PRODUCTS_DIR; };
/* End PBXFileReference section */

/* Begin PBXFrameworksBuildPhase section */
		58B36C1120AAFD8200915868 /* Frameworks */ = {
			isa = PBXFrameworksBuildPhase;
			buildActionMask = 2147483647;
			files = (
				582B9FCB20F08D3900AED078 /* StoreKit.framework in Frameworks */,
				84B2026AEAF8CB3554F9FDF6 /* Pods_NJDouYu.framework in Frameworks */,
			);
			runOnlyForDeploymentPostprocessing = 0;
		};
		58B36C2520AAFD8200915868 /* Frameworks */ = {
			isa = PBXFrameworksBuildPhase;
			buildActionMask = 2147483647;
			files = (
				FD6978F80AD91A3A1C856618 /* Pods_NJDouYuTests.framework in Frameworks */,
			);
			runOnlyForDeploymentPostprocessing = 0;
		};
		58B36C3020AAFD8200915868 /* Frameworks */ = {
			isa = PBXFrameworksBuildPhase;
			buildActionMask = 2147483647;
			files = (
				B25D9A0FCD1CA39374DD3E84 /* Pods_NJDouYuUITests.framework in Frameworks */,
			);
			runOnlyForDeploymentPostprocessing = 0;
		};
/* End PBXFrameworksBuildPhase section */

/* Begin PBXGroup section */
		52AE228EF275E603ABD0D7B3 /* Frameworks */ = {
			isa = PBXGroup;
			children = (
				582B9FCA20F08D3900AED078 /* StoreKit.framework */,
				E36195BC68DD83288460F65A /* Pods_NJDouYu.framework */,
				822FD9383E8DAD74240D5B14 /* Pods_NJDouYuTests.framework */,
				4D1275797F59C06B80417D7A /* Pods_NJDouYuUITests.framework */,
			);
			name = Frameworks;
			sourceTree = "<group>";
		};
		58B36C0B20AAFD8200915868 = {
			isa = PBXGroup;
			children = (
				58B36C1620AAFD8200915868 /* NJDouYu */,
				58B36C2B20AAFD8200915868 /* NJDouYuTests */,
				58B36C3620AAFD8200915868 /* NJDouYuUITests */,
				58B36C1520AAFD8200915868 /* Products */,
				C350E21DBBC9A4E8A88596E9 /* Pods */,
				52AE228EF275E603ABD0D7B3 /* Frameworks */,
			);
			sourceTree = "<group>";
		};
		58B36C1520AAFD8200915868 /* Products */ = {
			isa = PBXGroup;
			children = (
				58B36C1420AAFD8200915868 /* NJDouYu.app */,
				58B36C2820AAFD8200915868 /* NJDouYuTests.xctest */,
				58B36C3320AAFD8200915868 /* NJDouYuUITests.xctest */,
			);
			name = Products;
			sourceTree = "<group>";
		};
		58B36C1620AAFD8200915868 /* NJDouYu */ = {
			isa = PBXGroup;
			children = (
				582B9FC720F08C2300AED078 /* NJDouYu.entitlements */,
				58B36C2320AAFD8200915868 /* Info.plist */,
				58B36C4620AAFE2700915868 /* NJAppDelegate.swift */,
				58B36C4520AAFE2600915868 /* NJDouyuOC2SwiftBridge.h */,
				58A5A24620C10905008BDBA1 /* NJLanuchScreen.xib */,
				582B9FD220F0C3C800AED078 /* NJTabBarController.swift */,
				58B36C1E20AAFD8200915868 /* Assets.xcassets */,
			);
			path = NJDouYu;
			sourceTree = "<group>";
		};
		58B36C2B20AAFD8200915868 /* NJDouYuTests */ = {
			isa = PBXGroup;
			children = (
				58B36C2C20AAFD8200915868 /* NJDouYuTests.swift */,
				58B36C2E20AAFD8200915868 /* Info.plist */,
			);
			path = NJDouYuTests;
			sourceTree = "<group>";
		};
		58B36C3620AAFD8200915868 /* NJDouYuUITests */ = {
			isa = PBXGroup;
			children = (
				58B36C3720AAFD8200915868 /* NJDouYuUITests.swift */,
				58B36C3920AAFD8200915868 /* Info.plist */,
			);
			path = NJDouYuUITests;
			sourceTree = "<group>";
		};
		C350E21DBBC9A4E8A88596E9 /* Pods */ = {
			isa = PBXGroup;
			children = (
				76C63CACA4FC8CDA0B3CB770 /* Pods-NJDouYu.debug.xcconfig */,
				C8BBDF67950D9426C6F7C3D4 /* Pods-NJDouYu.release.xcconfig */,
				7BDE2759E981D9ABC2F5B443 /* Pods-NJDouYuTests.debug.xcconfig */,
				2E581E24D08D5260836963BD /* Pods-NJDouYuTests.release.xcconfig */,
				AAD4F8F479BCE8486C6BA8D9 /* Pods-NJDouYuUITests.debug.xcconfig */,
				161CA18B130D74038E237D7B /* Pods-NJDouYuUITests.release.xcconfig */,
			);
			name = Pods;
			sourceTree = "<group>";
		};
/* End PBXGroup section */

/* Begin PBXNativeTarget section */
		58B36C1320AAFD8200915868 /* NJDouYu */ = {
			isa = PBXNativeTarget;
			buildConfigurationList = 58B36C3C20AAFD8200915868 /* Build configuration list for PBXNativeTarget "NJDouYu" */;
			buildPhases = (
				877C833CAECBC0D3EB568E68 /* [CP] Check Pods Manifest.lock */,
				58B36C1020AAFD8200915868 /* Sources */,
				58B36C1120AAFD8200915868 /* Frameworks */,
				58B36C1220AAFD8200915868 /* Resources */,
				F12B7AECA45FC8A1AD4A715E /* [CP] Embed Pods Frameworks */,
			);
			buildRules = (
			);
			dependencies = (
			);
			name = NJDouYu;
			productName = NJDouYu;
			productReference = 58B36C1420AAFD8200915868 /* NJDouYu.app */;
			productType = "com.apple.product-type.application";
		};
		58B36C2720AAFD8200915868 /* NJDouYuTests */ = {
			isa = PBXNativeTarget;
			buildConfigurationList = 58B36C3F20AAFD8200915868 /* Build configuration list for PBXNativeTarget "NJDouYuTests" */;
			buildPhases = (
				3DF45AA19FB9EEE620EC16A8 /* [CP] Check Pods Manifest.lock */,
				58B36C2420AAFD8200915868 /* Sources */,
				58B36C2520AAFD8200915868 /* Frameworks */,
				58B36C2620AAFD8200915868 /* Resources */,
			);
			buildRules = (
			);
			dependencies = (
				58B36C2A20AAFD8200915868 /* PBXTargetDependency */,
			);
			name = NJDouYuTests;
			productName = NJDouYuTests;
			productReference = 58B36C2820AAFD8200915868 /* NJDouYuTests.xctest */;
			productType = "com.apple.product-type.bundle.unit-test";
		};
		58B36C3220AAFD8200915868 /* NJDouYuUITests */ = {
			isa = PBXNativeTarget;
			buildConfigurationList = 58B36C4220AAFD8200915868 /* Build configuration list for PBXNativeTarget "NJDouYuUITests" */;
			buildPhases = (
				91E9140D8442636F9F14F34D /* [CP] Check Pods Manifest.lock */,
				58B36C2F20AAFD8200915868 /* Sources */,
				58B36C3020AAFD8200915868 /* Frameworks */,
				58B36C3120AAFD8200915868 /* Resources */,
			);
			buildRules = (
			);
			dependencies = (
				58B36C3520AAFD8200915868 /* PBXTargetDependency */,
			);
			name = NJDouYuUITests;
			productName = NJDouYuUITests;
			productReference = 58B36C3320AAFD8200915868 /* NJDouYuUITests.xctest */;
			productType = "com.apple.product-type.bundle.ui-testing";
		};
/* End PBXNativeTarget section */

/* Begin PBXProject section */
		58B36C0C20AAFD8200915868 /* Project object */ = {
			isa = PBXProject;
			attributes = {
				CLASSPREFIX = NJ;
				LastSwiftUpdateCheck = 0920;
				LastUpgradeCheck = 0930;
				ORGANIZATIONNAME = njhu;
				TargetAttributes = {
					58B36C1320AAFD8200915868 = {
						CreatedOnToolsVersion = 9.2;
						LastSwiftMigration = 0920;
						ProvisioningStyle = Automatic;
						SystemCapabilities = {
							com.apple.BackgroundModes = {
								enabled = 1;
							};
							com.apple.InAppPurchase = {
								enabled = 1;
							};
							com.apple.InterAppAudio = {
								enabled = 0;
							};
							com.apple.Push = {
								enabled = 1;
							};
							com.apple.SafariKeychain = {
								enabled = 1;
							};
						};
					};
					58B36C2720AAFD8200915868 = {
						CreatedOnToolsVersion = 9.2;
						ProvisioningStyle = Automatic;
						TestTargetID = 58B36C1320AAFD8200915868;
					};
					58B36C3220AAFD8200915868 = {
						CreatedOnToolsVersion = 9.2;
						ProvisioningStyle = Automatic;
						TestTargetID = 58B36C1320AAFD8200915868;
					};
				};
			};
			buildConfigurationList = 58B36C0F20AAFD8200915868 /* Build configuration list for PBXProject "NJDouYu" */;
			compatibilityVersion = "Xcode 8.0";
			developmentRegion = en;
			hasScannedForEncodings = 0;
			knownRegions = (
				en,
				Base,
			);
			mainGroup = 58B36C0B20AAFD8200915868;
			productRefGroup = 58B36C1520AAFD8200915868 /* Products */;
			projectDirPath = "";
			projectRoot = "";
			targets = (
				58B36C1320AAFD8200915868 /* NJDouYu */,
				58B36C2720AAFD8200915868 /* NJDouYuTests */,
				58B36C3220AAFD8200915868 /* NJDouYuUITests */,
			);
		};
/* End PBXProject section */

/* Begin PBXResourcesBuildPhase section */
		58B36C1220AAFD8200915868 /* Resources */ = {
			isa = PBXResourcesBuildPhase;
			buildActionMask = 2147483647;
			files = (
				58A5A24720C10905008BDBA1 /* NJLanuchScreen.xib in Resources */,
				58B36C1F20AAFD8200915868 /* Assets.xcassets in Resources */,
			);
			runOnlyForDeploymentPostprocessing = 0;
		};
		58B36C2620AAFD8200915868 /* Resources */ = {
			isa = PBXResourcesBuildPhase;
			buildActionMask = 2147483647;
			files = (
			);
			runOnlyForDeploymentPostprocessing = 0;
		};
		58B36C3120AAFD8200915868 /* Resources */ = {
			isa = PBXResourcesBuildPhase;
			buildActionMask = 2147483647;
			files = (
			);
			runOnlyForDeploymentPostprocessing = 0;
		};
/* End PBXResourcesBuildPhase section */

/* Begin PBXShellScriptBuildPhase section */
		3DF45AA19FB9EEE620EC16A8 /* [CP] Check Pods Manifest.lock */ = {
			isa = PBXShellScriptBuildPhase;
			buildActionMask = 2147483647;
			files = (
			);
			inputPaths = (
				"${PODS_PODFILE_DIR_PATH}/Podfile.lock",
				"${PODS_ROOT}/Manifest.lock",
			);
			name = "[CP] Check Pods Manifest.lock";
			outputPaths = (
				"$(DERIVED_FILE_DIR)/Pods-NJDouYuTests-checkManifestLockResult.txt",
			);
			runOnlyForDeploymentPostprocessing = 0;
			shellPath = /bin/sh;
			shellScript = "diff \"${PODS_PODFILE_DIR_PATH}/Podfile.lock\" \"${PODS_ROOT}/Manifest.lock\" > /dev/null\nif [ $? != 0 ] ; then\n    # print error to STDERR\n    echo \"error: The sandbox is not in sync with the Podfile.lock. Run 'pod install' or update your CocoaPods installation.\" >&2\n    exit 1\nfi\n# This output is used by Xcode 'outputs' to avoid re-running this script phase.\necho \"SUCCESS\" > \"${SCRIPT_OUTPUT_FILE_0}\"\n";
			showEnvVarsInLog = 0;
		};
		877C833CAECBC0D3EB568E68 /* [CP] Check Pods Manifest.lock */ = {
			isa = PBXShellScriptBuildPhase;
			buildActionMask = 2147483647;
			files = (
			);
			inputPaths = (
				"${PODS_PODFILE_DIR_PATH}/Podfile.lock",
				"${PODS_ROOT}/Manifest.lock",
			);
			name = "[CP] Check Pods Manifest.lock";
			outputPaths = (
				"$(DERIVED_FILE_DIR)/Pods-NJDouYu-checkManifestLockResult.txt",
			);
			runOnlyForDeploymentPostprocessing = 0;
			shellPath = /bin/sh;
			shellScript = "diff \"${PODS_PODFILE_DIR_PATH}/Podfile.lock\" \"${PODS_ROOT}/Manifest.lock\" > /dev/null\nif [ $? != 0 ] ; then\n    # print error to STDERR\n    echo \"error: The sandbox is not in sync with the Podfile.lock. Run 'pod install' or update your CocoaPods installation.\" >&2\n    exit 1\nfi\n# This output is used by Xcode 'outputs' to avoid re-running this script phase.\necho \"SUCCESS\" > \"${SCRIPT_OUTPUT_FILE_0}\"\n";
			showEnvVarsInLog = 0;
		};
		91E9140D8442636F9F14F34D /* [CP] Check Pods Manifest.lock */ = {
			isa = PBXShellScriptBuildPhase;
			buildActionMask = 2147483647;
			files = (
			);
			inputPaths = (
				"${PODS_PODFILE_DIR_PATH}/Podfile.lock",
				"${PODS_ROOT}/Manifest.lock",
			);
			name = "[CP] Check Pods Manifest.lock";
			outputPaths = (
				"$(DERIVED_FILE_DIR)/Pods-NJDouYuUITests-checkManifestLockResult.txt",
			);
			runOnlyForDeploymentPostprocessing = 0;
			shellPath = /bin/sh;
			shellScript = "diff \"${PODS_PODFILE_DIR_PATH}/Podfile.lock\" \"${PODS_ROOT}/Manifest.lock\" > /dev/null\nif [ $? != 0 ] ; then\n    # print error to STDERR\n    echo \"error: The sandbox is not in sync with the Podfile.lock. Run 'pod install' or update your CocoaPods installation.\" >&2\n    exit 1\nfi\n# This output is used by Xcode 'outputs' to avoid re-running this script phase.\necho \"SUCCESS\" > \"${SCRIPT_OUTPUT_FILE_0}\"\n";
			showEnvVarsInLog = 0;
		};
		F12B7AECA45FC8A1AD4A715E /* [CP] Embed Pods Frameworks */ = {
			isa = PBXShellScriptBuildPhase;
			buildActionMask = 2147483647;
			files = (
			);
			inputPaths = (
				"${SRCROOT}/Pods/Target Support Files/Pods-NJDouYu/Pods-NJDouYu-frameworks.sh",
				"${BUILT_PRODUCTS_DIR}/Alamofire/Alamofire.framework",
				"${BUILT_PRODUCTS_DIR}/AlamofireImage/AlamofireImage.framework",
				"${BUILT_PRODUCTS_DIR}/DYLiveShow/DYLiveShow.framework",
				"${BUILT_PRODUCTS_DIR}/DYTrends/DYTrends.framework",
				"${BUILT_PRODUCTS_DIR}/MJRefresh/MJRefresh.framework",
				"${BUILT_PRODUCTS_DIR}/NJDYPlayer/NJDYPlayer.framework",
				"${BUILT_PRODUCTS_DIR}/NJDYSearchBarView/NJDYSearchBarView.framework",
				"${BUILT_PRODUCTS_DIR}/NJKit/NJKit.framework",
				"${BUILT_PRODUCTS_DIR}/NJMediator/NJMediator.framework",
				"${BUILT_PRODUCTS_DIR}/NJMediator_DYLiveShow/NJMediator_DYLiveShow.framework",
				"${BUILT_PRODUCTS_DIR}/NJMediator_DYTrends/NJMediator_DYTrends.framework",
				"${BUILT_PRODUCTS_DIR}/NJMediator_NJNowShow/NJMediator_NJNowShow.framework",
				"${BUILT_PRODUCTS_DIR}/NJNowShow/NJNowShow.framework",
				"${BUILT_PRODUCTS_DIR}/NJNowShowPlay/NJNowShowPlay.framework",
				"${BUILT_PRODUCTS_DIR}/SnapKit/SnapKit.framework",
				"${BUILT_PRODUCTS_DIR}/SwiftyJSON/SwiftyJSON.framework",
			);
			name = "[CP] Embed Pods Frameworks";
			outputPaths = (
				"${TARGET_BUILD_DIR}/${FRAMEWORKS_FOLDER_PATH}/Alamofire.framework",
				"${TARGET_BUILD_DIR}/${FRAMEWORKS_FOLDER_PATH}/AlamofireImage.framework",
				"${TARGET_BUILD_DIR}/${FRAMEWORKS_FOLDER_PATH}/DYLiveShow.framework",
				"${TARGET_BUILD_DIR}/${FRAMEWORKS_FOLDER_PATH}/DYTrends.framework",
				"${TARGET_BUILD_DIR}/${FRAMEWORKS_FOLDER_PATH}/MJRefresh.framework",
				"${TARGET_BUILD_DIR}/${FRAMEWORKS_FOLDER_PATH}/NJDYPlayer.framework",
				"${TARGET_BUILD_DIR}/${FRAMEWORKS_FOLDER_PATH}/NJDYSearchBarView.framework",
				"${TARGET_BUILD_DIR}/${FRAMEWORKS_FOLDER_PATH}/NJKit.framework",
				"${TARGET_BUILD_DIR}/${FRAMEWORKS_FOLDER_PATH}/NJMediator.framework",
				"${TARGET_BUILD_DIR}/${FRAMEWORKS_FOLDER_PATH}/NJMediator_DYLiveShow.framework",
				"${TARGET_BUILD_DIR}/${FRAMEWORKS_FOLDER_PATH}/NJMediator_DYTrends.framework",
				"${TARGET_BUILD_DIR}/${FRAMEWORKS_FOLDER_PATH}/NJMediator_NJNowShow.framework",
				"${TARGET_BUILD_DIR}/${FRAMEWORKS_FOLDER_PATH}/NJNowShow.framework",
				"${TARGET_BUILD_DIR}/${FRAMEWORKS_FOLDER_PATH}/NJNowShowPlay.framework",
				"${TARGET_BUILD_DIR}/${FRAMEWORKS_FOLDER_PATH}/SnapKit.framework",
				"${TARGET_BUILD_DIR}/${FRAMEWORKS_FOLDER_PATH}/SwiftyJSON.framework",
			);
			runOnlyForDeploymentPostprocessing = 0;
			shellPath = /bin/sh;
			shellScript = "\"${SRCROOT}/Pods/Target Support Files/Pods-NJDouYu/Pods-NJDouYu-frameworks.sh\"\n";
			showEnvVarsInLog = 0;
		};
/* End PBXShellScriptBuildPhase section */

/* Begin PBXSourcesBuildPhase section */
		58B36C1020AAFD8200915868 /* Sources */ = {
			isa = PBXSourcesBuildPhase;
			buildActionMask = 2147483647;
			files = (
				58B36C5620AAFE2700915868 /* NJAppDelegate.swift in Sources */,
				582B9FD320F0C3C800AED078 /* NJTabBarController.swift in Sources */,
			);
			runOnlyForDeploymentPostprocessing = 0;
		};
		58B36C2420AAFD8200915868 /* Sources */ = {
			isa = PBXSourcesBuildPhase;
			buildActionMask = 2147483647;
			files = (
				58B36C2D20AAFD8200915868 /* NJDouYuTests.swift in Sources */,
			);
			runOnlyForDeploymentPostprocessing = 0;
		};
		58B36C2F20AAFD8200915868 /* Sources */ = {
			isa = PBXSourcesBuildPhase;
			buildActionMask = 2147483647;
			files = (
				58B36C3820AAFD8200915868 /* NJDouYuUITests.swift in Sources */,
			);
			runOnlyForDeploymentPostprocessing = 0;
		};
/* End PBXSourcesBuildPhase section */

/* Begin PBXTargetDependency section */
		58B36C2A20AAFD8200915868 /* PBXTargetDependency */ = {
			isa = PBXTargetDependency;
			target = 58B36C1320AAFD8200915868 /* NJDouYu */;
			targetProxy = 58B36C2920AAFD8200915868 /* PBXContainerItemProxy */;
		};
		58B36C3520AAFD8200915868 /* PBXTargetDependency */ = {
			isa = PBXTargetDependency;
			target = 58B36C1320AAFD8200915868 /* NJDouYu */;
			targetProxy = 58B36C3420AAFD8200915868 /* PBXContainerItemProxy */;
		};
/* End PBXTargetDependency section */

/* Begin XCBuildConfiguration section */
		58B36C3A20AAFD8200915868 /* Debug */ = {
			isa = XCBuildConfiguration;
			buildSettings = {
				ALWAYS_SEARCH_USER_PATHS = NO;
				CLANG_ANALYZER_NONNULL = YES;
				CLANG_ANALYZER_NUMBER_OBJECT_CONVERSION = YES_AGGRESSIVE;
				CLANG_CXX_LANGUAGE_STANDARD = "gnu++14";
				CLANG_CXX_LIBRARY = "libc++";
				CLANG_ENABLE_MODULES = YES;
				CLANG_ENABLE_OBJC_ARC = YES;
				CLANG_WARN_BLOCK_CAPTURE_AUTORELEASING = YES;
				CLANG_WARN_BOOL_CONVERSION = YES;
				CLANG_WARN_COMMA = YES;
				CLANG_WARN_CONSTANT_CONVERSION = YES;
				CLANG_WARN_DEPRECATED_OBJC_IMPLEMENTATIONS = YES;
				CLANG_WARN_DIRECT_OBJC_ISA_USAGE = YES_ERROR;
				CLANG_WARN_DOCUMENTATION_COMMENTS = YES;
				CLANG_WARN_EMPTY_BODY = YES;
				CLANG_WARN_ENUM_CONVERSION = YES;
				CLANG_WARN_INFINITE_RECURSION = YES;
				CLANG_WARN_INT_CONVERSION = YES;
				CLANG_WARN_NON_LITERAL_NULL_CONVERSION = YES;
				CLANG_WARN_OBJC_IMPLICIT_RETAIN_SELF = YES;
				CLANG_WARN_OBJC_LITERAL_CONVERSION = YES;
				CLANG_WARN_OBJC_ROOT_CLASS = YES_ERROR;
				CLANG_WARN_RANGE_LOOP_ANALYSIS = YES;
				CLANG_WARN_STRICT_PROTOTYPES = YES;
				CLANG_WARN_SUSPICIOUS_MOVE = YES;
				CLANG_WARN_UNGUARDED_AVAILABILITY = YES_AGGRESSIVE;
				CLANG_WARN_UNREACHABLE_CODE = YES;
				CLANG_WARN__DUPLICATE_METHOD_MATCH = YES;
				CODE_SIGN_IDENTITY = "iPhone Developer";
				COPY_PHASE_STRIP = NO;
				DEBUG_INFORMATION_FORMAT = dwarf;
				ENABLE_STRICT_OBJC_MSGSEND = YES;
				ENABLE_TESTABILITY = YES;
				GCC_C_LANGUAGE_STANDARD = gnu11;
				GCC_DYNAMIC_NO_PIC = NO;
				GCC_NO_COMMON_BLOCKS = YES;
				GCC_OPTIMIZATION_LEVEL = 0;
				GCC_PREPROCESSOR_DEFINITIONS = (
					"DEBUG=1",
					"$(inherited)",
				);
				GCC_WARN_64_TO_32_BIT_CONVERSION = YES;
				GCC_WARN_ABOUT_RETURN_TYPE = YES_ERROR;
				GCC_WARN_UNDECLARED_SELECTOR = YES;
				GCC_WARN_UNINITIALIZED_AUTOS = YES_AGGRESSIVE;
				GCC_WARN_UNUSED_FUNCTION = YES;
				GCC_WARN_UNUSED_VARIABLE = YES;
				IPHONEOS_DEPLOYMENT_TARGET = 10.3;
				MTL_ENABLE_DEBUG_INFO = YES;
				ONLY_ACTIVE_ARCH = YES;
				SDKROOT = iphoneos;
				SWIFT_ACTIVE_COMPILATION_CONDITIONS = DEBUG;
				SWIFT_OPTIMIZATION_LEVEL = "-Onone";
			};
			name = Debug;
		};
		58B36C3B20AAFD8200915868 /* Release */ = {
			isa = XCBuildConfiguration;
			buildSettings = {
				ALWAYS_SEARCH_USER_PATHS = NO;
				CLANG_ANALYZER_NONNULL = YES;
				CLANG_ANALYZER_NUMBER_OBJECT_CONVERSION = YES_AGGRESSIVE;
				CLANG_CXX_LANGUAGE_STANDARD = "gnu++14";
				CLANG_CXX_LIBRARY = "libc++";
				CLANG_ENABLE_MODULES = YES;
				CLANG_ENABLE_OBJC_ARC = YES;
				CLANG_WARN_BLOCK_CAPTURE_AUTORELEASING = YES;
				CLANG_WARN_BOOL_CONVERSION = YES;
				CLANG_WARN_COMMA = YES;
				CLANG_WARN_CONSTANT_CONVERSION = YES;
				CLANG_WARN_DEPRECATED_OBJC_IMPLEMENTATIONS = YES;
				CLANG_WARN_DIRECT_OBJC_ISA_USAGE = YES_ERROR;
				CLANG_WARN_DOCUMENTATION_COMMENTS = YES;
				CLANG_WARN_EMPTY_BODY = YES;
				CLANG_WARN_ENUM_CONVERSION = YES;
				CLANG_WARN_INFINITE_RECURSION = YES;
				CLANG_WARN_INT_CONVERSION = YES;
				CLANG_WARN_NON_LITERAL_NULL_CONVERSION = YES;
				CLANG_WARN_OBJC_IMPLICIT_RETAIN_SELF = YES;
				CLANG_WARN_OBJC_LITERAL_CONVERSION = YES;
				CLANG_WARN_OBJC_ROOT_CLASS = YES_ERROR;
				CLANG_WARN_RANGE_LOOP_ANALYSIS = YES;
				CLANG_WARN_STRICT_PROTOTYPES = YES;
				CLANG_WARN_SUSPICIOUS_MOVE = YES;
				CLANG_WARN_UNGUARDED_AVAILABILITY = YES_AGGRESSIVE;
				CLANG_WARN_UNREACHABLE_CODE = YES;
				CLANG_WARN__DUPLICATE_METHOD_MATCH = YES;
				CODE_SIGN_IDENTITY = "iPhone Developer";
				COPY_PHASE_STRIP = NO;
				DEBUG_INFORMATION_FORMAT = "dwarf-with-dsym";
				ENABLE_NS_ASSERTIONS = NO;
				ENABLE_STRICT_OBJC_MSGSEND = YES;
				GCC_C_LANGUAGE_STANDARD = gnu11;
				GCC_NO_COMMON_BLOCKS = YES;
				GCC_WARN_64_TO_32_BIT_CONVERSION = YES;
				GCC_WARN_ABOUT_RETURN_TYPE = YES_ERROR;
				GCC_WARN_UNDECLARED_SELECTOR = YES;
				GCC_WARN_UNINITIALIZED_AUTOS = YES_AGGRESSIVE;
				GCC_WARN_UNUSED_FUNCTION = YES;
				GCC_WARN_UNUSED_VARIABLE = YES;
				IPHONEOS_DEPLOYMENT_TARGET = 10.3;
				MTL_ENABLE_DEBUG_INFO = NO;
				SDKROOT = iphoneos;
				SWIFT_OPTIMIZATION_LEVEL = "-Owholemodule";
				VALIDATE_PRODUCT = YES;
			};
			name = Release;
		};
		58B36C3D20AAFD8200915868 /* Debug */ = {
			isa = XCBuildConfiguration;
			baseConfigurationReference = 76C63CACA4FC8CDA0B3CB770 /* Pods-NJDouYu.debug.xcconfig */;
			buildSettings = {
				ASSETCATALOG_COMPILER_APPICON_NAME = AppIcon;
				CLANG_ENABLE_MODULES = YES;
				CLANG_STATIC_ANALYZER_MODE = deep;
				CODE_SIGN_ENTITLEMENTS = NJDouYu/NJDouYu.entitlements;
				"CODE_SIGN_IDENTITY[sdk=iphoneos*]" = "iPhone Developer";
				CODE_SIGN_STYLE = Automatic;
				DEVELOPMENT_TEAM = 44HDC9YG72;
				ENABLE_BITCODE = NO;
				INFOPLIST_FILE = NJDouYu/Info.plist;
				IPHONEOS_DEPLOYMENT_TARGET = 10.3;
				LD_RUNPATH_SEARCH_PATHS = "$(inherited) @executable_path/Frameworks";
				PRODUCT_BUNDLE_IDENTIFIER = com.github.njhu.NJDouYu;
				PRODUCT_NAME = "$(TARGET_NAME)";
				PROVISIONING_PROFILE = "";
				PROVISIONING_PROFILE_SPECIFIER = "";
				RUN_CLANG_STATIC_ANALYZER = YES;
				SWIFT_OBJC_BRIDGING_HEADER = NJDouYu/NJDouyuOC2SwiftBridge.h;
				SWIFT_OPTIMIZATION_LEVEL = "-Onone";
				SWIFT_VERSION = 4.0;
				TARGETED_DEVICE_FAMILY = 1;
			};
			name = Debug;
		};
		58B36C3E20AAFD8200915868 /* Release */ = {
			isa = XCBuildConfiguration;
			baseConfigurationReference = C8BBDF67950D9426C6F7C3D4 /* Pods-NJDouYu.release.xcconfig */;
			buildSettings = {
				ASSETCATALOG_COMPILER_APPICON_NAME = AppIcon;
				CLANG_ENABLE_MODULES = YES;
				CLANG_STATIC_ANALYZER_MODE = deep;
				CODE_SIGN_ENTITLEMENTS = NJDouYu/NJDouYu.entitlements;
				"CODE_SIGN_IDENTITY[sdk=iphoneos*]" = "iPhone Developer";
				CODE_SIGN_STYLE = Automatic;
				DEVELOPMENT_TEAM = 44HDC9YG72;
				ENABLE_BITCODE = NO;
				INFOPLIST_FILE = NJDouYu/Info.plist;
				IPHONEOS_DEPLOYMENT_TARGET = 10.3;
				LD_RUNPATH_SEARCH_PATHS = "$(inherited) @executable_path/Frameworks";
				PRODUCT_BUNDLE_IDENTIFIER = com.github.njhu.NJDouYu;
				PRODUCT_NAME = "$(TARGET_NAME)";
				PROVISIONING_PROFILE = "";
				PROVISIONING_PROFILE_SPECIFIER = "";
				RUN_CLANG_STATIC_ANALYZER = YES;
				SWIFT_OBJC_BRIDGING_HEADER = NJDouYu/NJDouyuOC2SwiftBridge.h;
				SWIFT_VERSION = 4.0;
				TARGETED_DEVICE_FAMILY = 1;
			};
			name = Release;
		};
		58B36C4020AAFD8200915868 /* Debug */ = {
			isa = XCBuildConfiguration;
			baseConfigurationReference = 7BDE2759E981D9ABC2F5B443 /* Pods-NJDouYuTests.debug.xcconfig */;
			buildSettings = {
				ALWAYS_EMBED_SWIFT_STANDARD_LIBRARIES = YES;
				BUNDLE_LOADER = "$(TEST_HOST)";
				CODE_SIGN_STYLE = Automatic;
				DEVELOPMENT_TEAM = 44HDC9YG72;
				INFOPLIST_FILE = NJDouYuTests/Info.plist;
				LD_RUNPATH_SEARCH_PATHS = "$(inherited) @executable_path/Frameworks @loader_path/Frameworks";
				PRODUCT_BUNDLE_IDENTIFIER = com.github.njhu.NJDouYuTests;
				PRODUCT_NAME = "$(TARGET_NAME)";
				SWIFT_VERSION = 4.0;
				TARGETED_DEVICE_FAMILY = "1,2";
				TEST_HOST = "$(BUILT_PRODUCTS_DIR)/NJDouYu.app/NJDouYu";
			};
			name = Debug;
		};
		58B36C4120AAFD8200915868 /* Release */ = {
			isa = XCBuildConfiguration;
			baseConfigurationReference = 2E581E24D08D5260836963BD /* Pods-NJDouYuTests.release.xcconfig */;
			buildSettings = {
				ALWAYS_EMBED_SWIFT_STANDARD_LIBRARIES = YES;
				BUNDLE_LOADER = "$(TEST_HOST)";
				CODE_SIGN_STYLE = Automatic;
				DEVELOPMENT_TEAM = 44HDC9YG72;
				INFOPLIST_FILE = NJDouYuTests/Info.plist;
				LD_RUNPATH_SEARCH_PATHS = "$(inherited) @executable_path/Frameworks @loader_path/Frameworks";
				PRODUCT_BUNDLE_IDENTIFIER = com.github.njhu.NJDouYuTests;
				PRODUCT_NAME = "$(TARGET_NAME)";
				SWIFT_VERSION = 4.0;
				TARGETED_DEVICE_FAMILY = "1,2";
				TEST_HOST = "$(BUILT_PRODUCTS_DIR)/NJDouYu.app/NJDouYu";
			};
			name = Release;
		};
		58B36C4320AAFD8200915868 /* Debug */ = {
			isa = XCBuildConfiguration;
			baseConfigurationReference = AAD4F8F479BCE8486C6BA8D9 /* Pods-NJDouYuUITests.debug.xcconfig */;
			buildSettings = {
				ALWAYS_EMBED_SWIFT_STANDARD_LIBRARIES = YES;
				CODE_SIGN_STYLE = Automatic;
				DEVELOPMENT_TEAM = 44HDC9YG72;
				INFOPLIST_FILE = NJDouYuUITests/Info.plist;
				LD_RUNPATH_SEARCH_PATHS = "$(inherited) @executable_path/Frameworks @loader_path/Frameworks";
				PRODUCT_BUNDLE_IDENTIFIER = com.github.njhu.NJDouYuUITests;
				PRODUCT_NAME = "$(TARGET_NAME)";
				SWIFT_VERSION = 4.0;
				TARGETED_DEVICE_FAMILY = "1,2";
				TEST_TARGET_NAME = NJDouYu;
			};
			name = Debug;
		};
		58B36C4420AAFD8200915868 /* Release */ = {
			isa = XCBuildConfiguration;
			baseConfigurationReference = 161CA18B130D74038E237D7B /* Pods-NJDouYuUITests.release.xcconfig */;
			buildSettings = {
				ALWAYS_EMBED_SWIFT_STANDARD_LIBRARIES = YES;
				CODE_SIGN_STYLE = Automatic;
				DEVELOPMENT_TEAM = 44HDC9YG72;
				INFOPLIST_FILE = NJDouYuUITests/Info.plist;
				LD_RUNPATH_SEARCH_PATHS = "$(inherited) @executable_path/Frameworks @loader_path/Frameworks";
				PRODUCT_BUNDLE_IDENTIFIER = com.github.njhu.NJDouYuUITests;
				PRODUCT_NAME = "$(TARGET_NAME)";
				SWIFT_VERSION = 4.0;
				TARGETED_DEVICE_FAMILY = "1,2";
				TEST_TARGET_NAME = NJDouYu;
			};
			name = Release;
		};
/* End XCBuildConfiguration section */

/* Begin XCConfigurationList section */
		58B36C0F20AAFD8200915868 /* Build configuration list for PBXProject "NJDouYu" */ = {
			isa = XCConfigurationList;
			buildConfigurations = (
				58B36C3A20AAFD8200915868 /* Debug */,
				58B36C3B20AAFD8200915868 /* Release */,
			);
			defaultConfigurationIsVisible = 0;
			defaultConfigurationName = Release;
		};
		58B36C3C20AAFD8200915868 /* Build configuration list for PBXNativeTarget "NJDouYu" */ = {
			isa = XCConfigurationList;
			buildConfigurations = (
				58B36C3D20AAFD8200915868 /* Debug */,
				58B36C3E20AAFD8200915868 /* Release */,
			);
			defaultConfigurationIsVisible = 0;
			defaultConfigurationName = Release;
		};
		58B36C3F20AAFD8200915868 /* Build configuration list for PBXNativeTarget "NJDouYuTests" */ = {
			isa = XCConfigurationList;
			buildConfigurations = (
				58B36C4020AAFD8200915868 /* Debug */,
				58B36C4120AAFD8200915868 /* Release */,
			);
			defaultConfigurationIsVisible = 0;
			defaultConfigurationName = Release;
		};
		58B36C4220AAFD8200915868 /* Build configuration list for PBXNativeTarget "NJDouYuUITests" */ = {
			isa = XCConfigurationList;
			buildConfigurations = (
				58B36C4320AAFD8200915868 /* Debug */,
				58B36C4420AAFD8200915868 /* Release */,
			);
			defaultConfigurationIsVisible = 0;
			defaultConfigurationName = Release;
		};
/* End XCConfigurationList section */
	};
	rootObject = 58B36C0C20AAFD8200915868 /* Project object */;
}
