PODS:
  - Alamofire (4.7.2)
  - Masonry (1.1.0)
  - MJRefresh (3.1.15.3)
  - NJKit (1.0.6):
    - Masonry
    - SDWebImage
  - SDWebImage (4.4.0):
    - SDWebImage/Core (= 4.4.0)
  - SDWebImage/Core (4.4.0)

DEPENDENCIES:
  - Alamofire
  - Masonry
  - MJRefresh
  - NJKit (from `../../NJKit/`)
  - SDWebImage

SPEC REPOS:
  https://github.com/cocoapods/specs.git:
    - Alamofire
    - Masonry
    - MJRefresh
    - SDWebImage

EXTERNAL SOURCES:
  NJKit:
    :path: "../../NJKit/"

SPEC CHECKSUMS:
  Alamofire: e4fa87002c137ba2d8d634d2c51fabcda0d5c223
  Masonry: 678fab65091a9290e40e2832a55e7ab731aad201
  MJRefresh: b48380ae2b927b46c4ef000de9adb8dc748e1df7
  NJKit: ceea39ed5467fa0fe0b59835238815a51b324da5
  SDWebImage: b534502786e43dde36dfcaee89356fe6df30e203

PODFILE CHECKSUM: bcd3c0687159f3a0a8edbbcfd98d5b9a9f050e2f

COCOAPODS: 1.5.3
